
Microsoft Visual Studio Solution File, Format Version 12.00
# Visual Studio Version 17
VisualStudioVersion = 17.8.34525.116
MinimumVisualStudioVersion = 10.0.40219.1
Project("{FAE04EC0-301F-11D3-BF4B-00C04F79EFBC}") = "App", "App\App.csproj", "{0F76FB2D-A482-466C-8C29-10E5263DA05F}"
EndProject
Project("{FAE04EC0-301F-11D3-BF4B-00C04F79EFBC}") = "Database", "Database\Database.csproj", "{3F06036F-AC94-46D7-B480-6D517296FAAF}"
EndProject
Project("{FAE04EC0-301F-11D3-BF4B-00C04F79EFBC}") = "Entities", "Entities\Entities.csproj", "{6A3691B9-3D79-4A9E-AE28-4299D18A328C}"
EndProject
Project("{2150E333-8FDC-42A3-9474-1A3956D46DE8}") = "Элементы решения", "Элементы решения", "{2D21284C-B805-4F71-9741-9F5F3E517B49}"
	ProjectSection(SolutionItems) = preProject
		ТЗ.txt = ТЗ.txt
	EndProjectSection
EndProject
Global
	GlobalSection(SolutionConfigurationPlatforms) = preSolution
		Debug|Any CPU = Debug|Any CPU
		Release|Any CPU = Release|Any CPU
	EndGlobalSection
	GlobalSection(ProjectConfigurationPlatforms) = postSolution
		{0F76FB2D-A482-466C-8C29-10E5263DA05F}.Debug|Any CPU.ActiveCfg = Debug|Any CPU
		{0F76FB2D-A482-466C-8C29-10E5263DA05F}.Debug|Any CPU.Build.0 = Debug|Any CPU
		{0F76FB2D-A482-466C-8C29-10E5263DA05F}.Release|Any CPU.ActiveCfg = Release|Any CPU
		{0F76FB2D-A482-466C-8C29-10E5263DA05F}.Release|Any CPU.Build.0 = Release|Any CPU
		{3F06036F-AC94-46D7-B480-6D517296FAAF}.Debug|Any CPU.ActiveCfg = Debug|Any CPU
		{3F06036F-AC94-46D7-B480-6D517296FAAF}.Debug|Any CPU.Build.0 = Debug|Any CPU
		{3F06036F-AC94-46D7-B480-6D517296FAAF}.Release|Any CPU.ActiveCfg = Release|Any CPU
		{3F06036F-AC94-46D7-B480-6D517296FAAF}.Release|Any CPU.Build.0 = Release|Any CPU
		{6A3691B9-3D79-4A9E-AE28-4299D18A328C}.Debug|Any CPU.ActiveCfg = Debug|Any CPU
		{6A3691B9-3D79-4A9E-AE28-4299D18A328C}.Debug|Any CPU.Build.0 = Debug|Any CPU
		{6A3691B9-3D79-4A9E-AE28-4299D18A328C}.Release|Any CPU.ActiveCfg = Release|Any CPU
		{6A3691B9-3D79-4A9E-AE28-4299D18A328C}.Release|Any CPU.Build.0 = Release|Any CPU
	EndGlobalSection
	GlobalSection(SolutionProperties) = preSolution
		HideSolutionNode = FALSE
	EndGlobalSection
	GlobalSection(ExtensibilityGlobals) = postSolution
		SolutionGuid = {733DBFCE-8F8C-41E9-BAD3-1E4A17D51A1F}
	EndGlobalSection
EndGlobal
